<?xml version="1.0" encoding="utf-8"?>
<Project ToolsVersion="4.0" xmlns="http://schemas.microsoft.com/developer/msbuild/2003">
  <ItemGroup>
    <Filter Include="Platform">
      <UniqueIdentifier>{51e82458-ad42-43f9-b8ec-702d07e43b5b}</UniqueIdentifier>
    </Filter>
    <Filter Include="Rendering">
      <UniqueIdentifier>{54f46882-533c-47d8-9a56-edcb967b7691}</UniqueIdentifier>
    </Filter>
    <Filter Include="Core">
      <UniqueIdentifier>{4d1af0e8-a6d6-46aa-97a7-27bdc4a1f017}</UniqueIdentifier>
    </Filter>
    <Filter Include="Core\Camera">
      <UniqueIdentifier>{00f7222f-d0ef-4e54-a9e4-de9e6a7a8514}</UniqueIdentifier>
    </Filter>
    <Filter Include="Core\Light">
      <UniqueIdentifier>{8995c29f-1989-4ebd-a07e-ebb4b9424aa4}</UniqueIdentifier>
    </Filter>
  </ItemGroup>
  <ItemGroup>
    <ClInclude Include="Platform\GraphicWindow.h">
      <Filter>Platform</Filter>
    </ClInclude>
    <ClInclude Include="BasicTypes.h" />
    <ClInclude Include="Platform\Application.h">
      <Filter>Platform</Filter>
    </ClInclude>
    <ClInclude Include="Platform\CommonWin.h">
      <Filter>Platform</Filter>
    </ClInclude>
    <ClInclude Include="Rendering\GPUDeviceManager.h">
      <Filter>Rendering</Filter>
    </ClInclude>
    <ClInclude Include="Rendering\GraphicContext.h">
      <Filter>Rendering</Filter>
    </ClInclude>
    <ClInclude Include="Rendering\Shader.h">
      <Filter>Rendering</Filter>
    </ClInclude>
    <ClInclude Include="Core\Mesh.h">
      <Filter>Core</Filter>
    </ClInclude>
    <ClInclude Include="Core\Vector2.h">
      <Filter>Core</Filter>
    </ClInclude>
    <ClInclude Include="Core\Vector3.h">
      <Filter>Core</Filter>
    </ClInclude>
    <ClInclude Include="Core\GameEntity.h">
      <Filter>Core</Filter>
    </ClInclude>
    <ClInclude Include="Rendering\ShaderProgram.h">
      <Filter>Rendering</Filter>
    </ClInclude>
    <ClInclude Include="Rendering\GPUAssetManager.h">
      <Filter>Rendering</Filter>
    </ClInclude>
    <ClInclude Include="Rendering\Material.h">
      <Filter>Rendering</Filter>
    </ClInclude>
    <ClInclude Include="Core\Color.h">
      <Filter>Core</Filter>
    </ClInclude>
    <ClInclude Include="Core\Texture2D.h">
      <Filter>Core</Filter>
    </ClInclude>
    <ClInclude Include="Core\WICTexture2DImporter.h">
      <Filter>Core</Filter>
    </ClInclude>
    <ClInclude Include="Core\GUIDUtility.h">
      <Filter>Core</Filter>
    </ClInclude>
    <ClInclude Include="Rendering\GPUTexture2DController.h">
      <Filter>Rendering</Filter>
    </ClInclude>
    <ClInclude Include="Core\Matrix4.h">
      <Filter>Core</Filter>
    </ClInclude>
    <ClInclude Include="Core\Transform.h">
      <Filter>Core</Filter>
    </ClInclude>
    <ClInclude Include="Core\Camera\Camera.h">
      <Filter>Core\Camera</Filter>
    </ClInclude>
    <ClInclude Include="Core\Camera\PerspectiveCamera.h">
      <Filter>Core\Camera</Filter>
    </ClInclude>
    <ClInclude Include="StringUtilities.h" />
    <ClInclude Include="Core\Light\Lights.h">
      <Filter>Core\Light</Filter>
    </ClInclude>
    <ClInclude Include="Core\AssimpModel3DImporter.h">
      <Filter>Core</Filter>
    </ClInclude>
    <ClInclude Include="Core\Model3DAsset.h">
      <Filter>Core</Filter>
    </ClInclude>
    <ClInclude Include="Rendering\GPUMeshController.h">
      <Filter>Rendering</Filter>
    </ClInclude>
    <ClInclude Include="Core\ShapeBuilder.h">
      <Filter>Core</Filter>
    </ClInclude>
    <ClInclude Include="Rendering\Renderer.h">
      <Filter>Rendering</Filter>
    </ClInclude>
    <ClInclude Include="Rendering\MeshRenderer.h">
      <Filter>Rendering</Filter>
    </ClInclude>
    <ClInclude Include="Rendering\RayTracingComponent.h">
      <Filter>Rendering</Filter>
    </ClInclude>
  </ItemGroup>
  <ItemGroup>
    <ClCompile Include="Platform\GraphicWindow.cpp">
      <Filter>Platform</Filter>
    </ClCompile>
    <ClCompile Include="Platform\Application.cpp">
      <Filter>Platform</Filter>
    </ClCompile>
    <ClCompile Include="Core\Mesh.cpp">
      <Filter>Core</Filter>
    </ClCompile>
    <ClCompile Include="Core\Vector2.cpp">
      <Filter>Core</Filter>
    </ClCompile>
    <ClCompile Include="Core\Vector3.cpp">
      <Filter>Core</Filter>
    </ClCompile>
    <ClCompile Include="Core\Color.cpp">
      <Filter>Core</Filter>
    </ClCompile>
    <ClCompile Include="Core\Texture2D.cpp">
      <Filter>Core</Filter>
    </ClCompile>
    <ClCompile Include="Core\WICTexture2DImporter.cpp">
      <Filter>Core</Filter>
    </ClCompile>
    <ClCompile Include="Core\Matrix4.cpp">
      <Filter>Core</Filter>
    </ClCompile>
    <ClCompile Include="Core\Transform.cpp">
      <Filter>Core</Filter>
    </ClCompile>
    <ClCompile Include="Core\Camera\Camera.cpp">
      <Filter>Core\Camera</Filter>
    </ClCompile>
    <ClCompile Include="Core\Camera\PerspectiveCamera.cpp">
      <Filter>Core\Camera</Filter>
    </ClCompile>
    <ClCompile Include="StringUtilities.cpp" />
    <ClCompile Include="Core\AssimpModel3DImporter.cpp">
      <Filter>Core</Filter>
    </ClCompile>
    <ClCompile Include="Core\Model3DAsset.cpp">
      <Filter>Core</Filter>
    </ClCompile>
    <ClCompile Include="Core\ShapeBuilder.cpp">
      <Filter>Core</Filter>
    </ClCompile>
  </ItemGroup>
</Project>