<?xml version="1.0" encoding="utf-8"?>
<Project ToolsVersion="4.0" xmlns="http://schemas.microsoft.com/developer/msbuild/2003">
  <ItemGroup>
    <Filter Include="Platform">
      <UniqueIdentifier>{51e82458-ad42-43f9-b8ec-702d07e43b5b}</UniqueIdentifier>
    </Filter>
    <Filter Include="Rendering">
      <UniqueIdentifier>{54f46882-533c-47d8-9a56-edcb967b7691}</UniqueIdentifier>
    </Filter>
  </ItemGroup>
  <ItemGroup>
    <ClInclude Include="Platform\GraphicWindow.h">
      <Filter>Platform</Filter>
    </ClInclude>
    <ClInclude Include="BasicTypes.h" />
    <ClInclude Include="Platform\Application.h">
      <Filter>Platform</Filter>
    </ClInclude>
    <ClInclude Include="Platform\CommonWin.h">
      <Filter>Platform</Filter>
    </ClInclude>
    <ClInclude Include="Rendering\GPUDeviceManager.h">
      <Filter>Rendering</Filter>
    </ClInclude>
    <ClInclude Include="Rendering\GraphicContext.h">
      <Filter>Rendering</Filter>
    </ClInclude>
  </ItemGroup>
  <ItemGroup>
    <ClCompile Include="Platform\GraphicWindow.cpp">
      <Filter>Platform</Filter>
    </ClCompile>
    <ClCompile Include="Platform\Application.cpp">
      <Filter>Platform</Filter>
    </ClCompile>
  </ItemGroup>
</Project>