<?xml version="1.0" encoding="utf-8"?>
<Project ToolsVersion="4.0" xmlns="http://schemas.microsoft.com/developer/msbuild/2003">
  <ItemGroup>
    <Filter Include="Source Files">
      <UniqueIdentifier>{4FC737F1-C7A5-4376-A066-2A32D752A2FF}</UniqueIdentifier>
      <Extensions>cpp;c;cc;cxx;c++;cppm;ixx;def;odl;idl;hpj;bat;asm;asmx</Extensions>
    </Filter>
    <Filter Include="Header Files">
      <UniqueIdentifier>{93995380-89BD-4b04-88EB-625FBE52EBFB}</UniqueIdentifier>
      <Extensions>h;hh;hpp;hxx;h++;hm;inl;inc;ipp;xsd</Extensions>
    </Filter>
    <Filter Include="Resource Files">
      <UniqueIdentifier>{67DA6AB6-F800-4c08-8B7A-83BB121AAD01}</UniqueIdentifier>
      <Extensions>rc;ico;cur;bmp;dlg;rc2;rct;bin;rgs;gif;jpg;jpeg;jpe;resx;tiff;tif;png;wav;mfcribbon-ms</Extensions>
    </Filter>
    <Filter Include="RayTracing">
      <UniqueIdentifier>{1401dd6d-26f5-4507-8445-5ef831e696e8}</UniqueIdentifier>
    </Filter>
  </ItemGroup>
  <ItemGroup>
    <ClInclude Include="framework.h">
      <Filter>Header Files</Filter>
    </ClInclude>
    <ClInclude Include="pch.h">
      <Filter>Header Files</Filter>
    </ClInclude>
    <ClInclude Include="DX12GPUDeviceManager.h">
      <Filter>Header Files</Filter>
    </ClInclude>
    <ClInclude Include="DX12CommandExecuter.h">
      <Filter>Header Files</Filter>
    </ClInclude>
    <ClInclude Include="DX12GraphicContext.h">
      <Filter>Header Files</Filter>
    </ClInclude>
    <ClInclude Include="HLSLShaderImporter.h">
      <Filter>Header Files</Filter>
    </ClInclude>
    <ClInclude Include="HLSLShader.h">
      <Filter>Header Files</Filter>
    </ClInclude>
    <ClInclude Include="DX12MeshController.h">
      <Filter>Header Files</Filter>
    </ClInclude>
    <ClInclude Include="DX12AssetManager.h">
      <Filter>Header Files</Filter>
    </ClInclude>
    <ClInclude Include="HLSLMaterial.h">
      <Filter>Header Files</Filter>
    </ClInclude>
    <ClInclude Include="HLSLShaderProgram.h">
      <Filter>Header Files</Filter>
    </ClInclude>
    <ClInclude Include="DX12Texture2DController.h">
      <Filter>Header Files</Filter>
    </ClInclude>
    <ClInclude Include="RayTracing\RTAccelarationStructure.h">
      <Filter>RayTracing</Filter>
    </ClInclude>
    <ClInclude Include="DX12Utilities.h">
      <Filter>Header Files</Filter>
    </ClInclude>
  </ItemGroup>
  <ItemGroup>
    <ClCompile Include="QuantumEngine.Rendering.DirectX12.cpp">
      <Filter>Source Files</Filter>
    </ClCompile>
    <ClCompile Include="pch.cpp">
      <Filter>Source Files</Filter>
    </ClCompile>
    <ClCompile Include="DX12GPUDeviceManager.cpp">
      <Filter>Source Files</Filter>
    </ClCompile>
    <ClCompile Include="DX12CommandExecuter.cpp">
      <Filter>Source Files</Filter>
    </ClCompile>
    <ClCompile Include="DX12GraphicContext.cpp">
      <Filter>Source Files</Filter>
    </ClCompile>
    <ClCompile Include="HLSLShaderImporter.cpp">
      <Filter>Source Files</Filter>
    </ClCompile>
    <ClCompile Include="HLSLShader.cpp">
      <Filter>Source Files</Filter>
    </ClCompile>
    <ClCompile Include="DX12MeshController.cpp">
      <Filter>Source Files</Filter>
    </ClCompile>
    <ClCompile Include="DX12AssetManager.cpp">
      <Filter>Source Files</Filter>
    </ClCompile>
    <ClCompile Include="HLSLMaterial.cpp">
      <Filter>Source Files</Filter>
    </ClCompile>
    <ClCompile Include="HLSLShaderProgram.cpp">
      <Filter>Source Files</Filter>
    </ClCompile>
    <ClCompile Include="DX12Texture2DController.cpp">
      <Filter>Source Files</Filter>
    </ClCompile>
    <ClCompile Include="RayTracing\RTAccelarationStructure.cpp">
      <Filter>RayTracing</Filter>
    </ClCompile>
    <ClCompile Include="DX12Utilities.cpp">
      <Filter>Source Files</Filter>
    </ClCompile>
  </ItemGroup>
</Project>